
Microsoft Visual Studio Solution File, Format Version 12.00
# Visual Studio 15
VisualStudioVersion = 15.0.28307.329
MinimumVisualStudioVersion = 10.0.40219.1
Project("{FAE04EC0-301F-11D3-BF4B-00C04F79EFBC}") = "CADImageViewer", "CADImageViewer\CADImageViewer.csproj", "{655B4FE1-4DFD-4230-BEF7-1639D80DDA67}"
EndProject
Project("{2150E333-8FDC-42A3-9474-1A3956D46DE8}") = "Solution Items", "Solution Items", "{181C7304-5B22-4F67-B57D-1E40FE13CBAB}"
	ProjectSection(SolutionItems) = preProject
		README.md = README.md
	EndProjectSection
EndProject
Project("{FAE04EC0-301F-11D3-BF4B-00C04F79EFBC}") = "CADImageViewerTests", "CADImageViewerTests\CADImageViewerTests.csproj", "{F885CE28-DFB8-41AC-8E43-316E3E8AAA4E}"
EndProject
Global
	GlobalSection(SolutionConfigurationPlatforms) = preSolution
		Debug|Any CPU = Debug|Any CPU
		Release|Any CPU = Release|Any CPU
	EndGlobalSection
	GlobalSection(ProjectConfigurationPlatforms) = postSolution
		{655B4FE1-4DFD-4230-BEF7-1639D80DDA67}.Debug|Any CPU.ActiveCfg = Debug|Any CPU
		{655B4FE1-4DFD-4230-BEF7-1639D80DDA67}.Debug|Any CPU.Build.0 = Debug|Any CPU
		{655B4FE1-4DFD-4230-BEF7-1639D80DDA67}.Release|Any CPU.ActiveCfg = Release|Any CPU
		{655B4FE1-4DFD-4230-BEF7-1639D80DDA67}.Release|Any CPU.Build.0 = Release|Any CPU
		{F885CE28-DFB8-41AC-8E43-316E3E8AAA4E}.Debug|Any CPU.ActiveCfg = Debug|Any CPU
		{F885CE28-DFB8-41AC-8E43-316E3E8AAA4E}.Debug|Any CPU.Build.0 = Debug|Any CPU
		{F885CE28-DFB8-41AC-8E43-316E3E8AAA4E}.Release|Any CPU.ActiveCfg = Release|Any CPU
		{F885CE28-DFB8-41AC-8E43-316E3E8AAA4E}.Release|Any CPU.Build.0 = Release|Any CPU
	EndGlobalSection
	GlobalSection(SolutionProperties) = preSolution
		HideSolutionNode = FALSE
	EndGlobalSection
	GlobalSection(ExtensibilityGlobals) = postSolution
		SolutionGuid = {347E4A7F-F90B-438B-AFF2-0E16355E08FE}
	EndGlobalSection
EndGlobal
